// !$*UTF8*$!
{
	archiveVersion = 1;
	classes = {
	};
	objectVersion = 46;
	objects = {

/* Begin PBXBuildFile section */
		7B7196C81EE333FE004F9259 /* AppDelegate.swift in Sources */ = {isa = PBXBuildFile; fileRef = 7B7196C71EE333FE004F9259 /* AppDelegate.swift */; };
		7B7196CA1EE333FE004F9259 /* TaskListViewController.swift in Sources */ = {isa = PBXBuildFile; fileRef = 7B7196C91EE333FE004F9259 /* TaskListViewController.swift */; };
		7B7196CD1EE333FF004F9259 /* Main.storyboard in Resources */ = {isa = PBXBuildFile; fileRef = 7B7196CB1EE333FF004F9259 /* Main.storyboard */; };
		7B7196D21EE33400004F9259 /* Assets.xcassets in Resources */ = {isa = PBXBuildFile; fileRef = 7B7196D11EE33400004F9259 /* Assets.xcassets */; };
		7B7196D51EE33400004F9259 /* LaunchScreen.storyboard in Resources */ = {isa = PBXBuildFile; fileRef = 7B7196D31EE33400004F9259 /* LaunchScreen.storyboard */; };
		7B7196E71EE34D73004F9259 /* TaskList.xcdatamodeld in Sources */ = {isa = PBXBuildFile; fileRef = 7B7196E51EE34D73004F9259 /* TaskList.xcdatamodeld */; };
		7B7196E91EE351C1004F9259 /* TaskViewModel.swift in Sources */ = {isa = PBXBuildFile; fileRef = 7B7196E81EE351C1004F9259 /* TaskViewModel.swift */; };
		7B7196EB1EE3529D004F9259 /* CoreDataModel.swift in Sources */ = {isa = PBXBuildFile; fileRef = 7B7196EA1EE3529D004F9259 /* CoreDataModel.swift */; };
		7B7196ED1EE363E6004F9259 /* Extension.swift in Sources */ = {isa = PBXBuildFile; fileRef = 7B7196EC1EE363E4004F9259 /* Extension.swift */; };
/* End PBXBuildFile section */

/* Begin PBXFileReference section */
		7B7196C41EE333FE004F9259 /* TaskList.app */ = {isa = PBXFileReference; explicitFileType = wrapper.application; includeInIndex = 0; path = TaskList.app; sourceTree = BUILT_PRODUCTS_DIR; };
		7B7196C71EE333FE004F9259 /* AppDelegate.swift */ = {isa = PBXFileReference; lastKnownFileType = sourcecode.swift; path = AppDelegate.swift; sourceTree = "<group>"; };
		7B7196C91EE333FE004F9259 /* TaskListViewController.swift */ = {isa = PBXFileReference; lastKnownFileType = sourcecode.swift; path = TaskListViewController.swift; sourceTree = "<group>"; };
		7B7196CC1EE333FF004F9259 /* Base */ = {isa = PBXFileReference; lastKnownFileType = file.storyboard; name = Base; path = Base.lproj/Main.storyboard; sourceTree = "<group>"; };
		7B7196D11EE33400004F9259 /* Assets.xcassets */ = {isa = PBXFileReference; lastKnownFileType = folder.assetcatalog; path = Assets.xcassets; sourceTree = "<group>"; };
		7B7196D41EE33400004F9259 /* Base */ = {isa = PBXFileReference; lastKnownFileType = file.storyboard; name = Base; path = Base.lproj/LaunchScreen.storyboard; sourceTree = "<group>"; };
		7B7196D61EE33400004F9259 /* Info.plist */ = {isa = PBXFileReference; lastKnownFileType = text.plist.xml; path = Info.plist; sourceTree = "<group>"; };
		7B7196E61EE34D73004F9259 /* TaskList.xcdatamodel */ = {isa = PBXFileReference; lastKnownFileType = wrapper.xcdatamodel; path = TaskList.xcdatamodel; sourceTree = "<group>"; };
		7B7196E81EE351C1004F9259 /* TaskViewModel.swift */ = {isa = PBXFileReference; fileEncoding = 4; lastKnownFileType = sourcecode.swift; path = TaskViewModel.swift; sourceTree = "<group>"; };
		7B7196EA1EE3529D004F9259 /* CoreDataModel.swift */ = {isa = PBXFileReference; fileEncoding = 4; lastKnownFileType = sourcecode.swift; path = CoreDataModel.swift; sourceTree = "<group>"; };
		7B7196EC1EE363E4004F9259 /* Extension.swift */ = {isa = PBXFileReference; fileEncoding = 4; lastKnownFileType = sourcecode.swift; path = Extension.swift; sourceTree = "<group>"; };
/* End PBXFileReference section */

/* Begin PBXFrameworksBuildPhase section */
		7B7196C11EE333FE004F9259 /* Frameworks */ = {
			isa = PBXFrameworksBuildPhase;
			buildActionMask = 2147483647;
			files = (
			);
			runOnlyForDeploymentPostprocessing = 0;
		};
/* End PBXFrameworksBuildPhase section */

/* Begin PBXGroup section */
		7B7196BB1EE333FD004F9259 = {
			isa = PBXGroup;
			children = (
				7B7196C61EE333FE004F9259 /* TaskList */,
				7B7196C51EE333FE004F9259 /* Products */,
			);
			sourceTree = "<group>";
		};
		7B7196C51EE333FE004F9259 /* Products */ = {
			isa = PBXGroup;
			children = (
				7B7196C41EE333FE004F9259 /* TaskList.app */,
			);
			name = Products;
			sourceTree = "<group>";
		};
		7B7196C61EE333FE004F9259 /* TaskList */ = {
			isa = PBXGroup;
			children = (
				7B7196F11EE3DCF9004F9259 /* CoreData */,
				7B7196F01EE3DCCE004F9259 /* Helper */,
				7B7196EF1EE3DCB1004F9259 /* View */,
				7B7196EE1EE3DC95004F9259 /* ViewModel */,
				7B7196C71EE333FE004F9259 /* AppDelegate.swift */,
				7B7196CB1EE333FF004F9259 /* Main.storyboard */,
				7B7196D11EE33400004F9259 /* Assets.xcassets */,
				7B7196D31EE33400004F9259 /* LaunchScreen.storyboard */,
				7B7196D61EE33400004F9259 /* Info.plist */,
			);
			path = TaskList;
			sourceTree = "<group>";
		};
		7B7196EE1EE3DC95004F9259 /* ViewModel */ = {
			isa = PBXGroup;
			children = (
				7B7196E81EE351C1004F9259 /* TaskViewModel.swift */,
			);
			name = ViewModel;
			sourceTree = "<group>";
		};
		7B7196EF1EE3DCB1004F9259 /* View */ = {
			isa = PBXGroup;
			children = (
				7B7196C91EE333FE004F9259 /* TaskListViewController.swift */,
			);
			name = View;
			sourceTree = "<group>";
		};
		7B7196F01EE3DCCE004F9259 /* Helper */ = {
			isa = PBXGroup;
			children = (
				7B7196EC1EE363E4004F9259 /* Extension.swift */,
			);
			name = Helper;
			sourceTree = "<group>";
		};
		7B7196F11EE3DCF9004F9259 /* CoreData */ = {
			isa = PBXGroup;
			children = (
				7B7196E51EE34D73004F9259 /* TaskList.xcdatamodeld */,
				7B7196EA1EE3529D004F9259 /* CoreDataModel.swift */,
			);
			name = CoreData;
			sourceTree = "<group>";
		};
/* End PBXGroup section */

/* Begin PBXNativeTarget section */
		7B7196C31EE333FE004F9259 /* TaskList */ = {
			isa = PBXNativeTarget;
			buildConfigurationList = 7B7196D91EE33400004F9259 /* Build configuration list for PBXNativeTarget "TaskList" */;
			buildPhases = (
				7B7196C01EE333FE004F9259 /* Sources */,
				7B7196C11EE333FE004F9259 /* Frameworks */,
				7B7196C21EE333FE004F9259 /* Resources */,
			);
			buildRules = (
			);
			dependencies = (
			);
			name = TaskList;
			productName = TaskList;
			productReference = 7B7196C41EE333FE004F9259 /* TaskList.app */;
			productType = "com.apple.product-type.application";
		};
/* End PBXNativeTarget section */

/* Begin PBXProject section */
		7B7196BC1EE333FE004F9259 /* Project object */ = {
			isa = PBXProject;
			attributes = {
				LastSwiftUpdateCheck = 0820;
				LastUpgradeCheck = 0820;
				ORGANIZATIONNAME = "Aaqib Hussain";
				TargetAttributes = {
					7B7196C31EE333FE004F9259 = {
						CreatedOnToolsVersion = 8.2.1;
						ProvisioningStyle = Automatic;
					};
				};
			};
			buildConfigurationList = 7B7196BF1EE333FE004F9259 /* Build configuration list for PBXProject "TaskList" */;
			compatibilityVersion = "Xcode 3.2";
			developmentRegion = English;
			hasScannedForEncodings = 0;
			knownRegions = (
				en,
				Base,
			);
			mainGroup = 7B7196BB1EE333FD004F9259;
			productRefGroup = 7B7196C51EE333FE004F9259 /* Products */;
			projectDirPath = "";
			projectRoot = "";
			targets = (
				7B7196C31EE333FE004F9259 /* TaskList */,
			);
		};
/* End PBXProject section */

/* Begin PBXResourcesBuildPhase section */
		7B7196C21EE333FE004F9259 /* Resources */ = {
			isa = PBXResourcesBuildPhase;
			buildActionMask = 2147483647;
			files = (
				7B7196D51EE33400004F9259 /* LaunchScreen.storyboard in Resources */,
				7B7196D21EE33400004F9259 /* Assets.xcassets in Resources */,
				7B7196CD1EE333FF004F9259 /* Main.storyboard in Resources */,
			);
			runOnlyForDeploymentPostprocessing = 0;
		};
/* End PBXResourcesBuildPhase section */

/* Begin PBXSourcesBuildPhase section */
		7B7196C01EE333FE004F9259 /* Sources */ = {
			isa = PBXSourcesBuildPhase;
			buildActionMask = 2147483647;
			files = (
				7B7196E71EE34D73004F9259 /* TaskList.xcdatamodeld in Sources */,
				7B7196E91EE351C1004F9259 /* TaskViewModel.swift in Sources */,
				7B7196CA1EE333FE004F9259 /* TaskListViewController.swift in Sources */,
				7B7196ED1EE363E6004F9259 /* Extension.swift in Sources */,
				7B7196EB1EE3529D004F9259 /* CoreDataModel.swift in Sources */,
				7B7196C81EE333FE004F9259 /* AppDelegate.swift in Sources */,
			);
			runOnlyForDeploymentPostprocessing = 0;
		};
/* End PBXSourcesBuildPhase section */

/* Begin PBXVariantGroup section */
		7B7196CB1EE333FF004F9259 /* Main.storyboard */ = {
			isa = PBXVariantGroup;
			children = (
				7B7196CC1EE333FF004F9259 /* Base */,
			);
			name = Main.storyboard;
			sourceTree = "<group>";
		};
		7B7196D31EE33400004F9259 /* LaunchScreen.storyboard */ = {
			isa = PBXVariantGroup;
			children = (
				7B7196D41EE33400004F9259 /* Base */,
			);
			name = LaunchScreen.storyboard;
			sourceTree = "<group>";
		};
/* End PBXVariantGroup section */

/* Begin XCBuildConfiguration section */
		7B7196D71EE33400004F9259 /* Debug */ = {
			isa = XCBuildConfiguration;
			buildSettings = {
				ALWAYS_SEARCH_USER_PATHS = NO;
				CLANG_ANALYZER_NONNULL = YES;
				CLANG_CXX_LANGUAGE_STANDARD = "gnu++0x";
				CLANG_CXX_LIBRARY = "libc++";
				CLANG_ENABLE_MODULES = YES;
				CLANG_ENABLE_OBJC_ARC = YES;
				CLANG_WARN_BOOL_CONVERSION = YES;
				CLANG_WARN_CONSTANT_CONVERSION = YES;
				CLANG_WARN_DIRECT_OBJC_ISA_USAGE = YES_ERROR;
				CLANG_WARN_DOCUMENTATION_COMMENTS = YES;
				CLANG_WARN_EMPTY_BODY = YES;
				CLANG_WARN_ENUM_CONVERSION = YES;
				CLANG_WARN_INFINITE_RECURSION = YES;
				CLANG_WARN_INT_CONVERSION = YES;
				CLANG_WARN_OBJC_ROOT_CLASS = YES_ERROR;
				CLANG_WARN_SUSPICIOUS_MOVE = YES;
				CLANG_WARN_UNREACHABLE_CODE = YES;
				CLANG_WARN__DUPLICATE_METHOD_MATCH = YES;
				"CODE_SIGN_IDENTITY[sdk=iphoneos*]" = "iPhone Developer";
				COPY_PHASE_STRIP = NO;
				DEBUG_INFORMATION_FORMAT = dwarf;
				ENABLE_STRICT_OBJC_MSGSEND = YES;
				ENABLE_TESTABILITY = YES;
				GCC_C_LANGUAGE_STANDARD = gnu99;
				GCC_DYNAMIC_NO_PIC = NO;
				GCC_NO_COMMON_BLOCKS = YES;
				GCC_OPTIMIZATION_LEVEL = 0;
				GCC_PREPROCESSOR_DEFINITIONS = (
					"DEBUG=1",
					"$(inherited)",
				);
				GCC_WARN_64_TO_32_BIT_CONVERSION = YES;
				GCC_WARN_ABOUT_RETURN_TYPE = YES_ERROR;
				GCC_WARN_UNDECLARED_SELECTOR = YES;
				GCC_WARN_UNINITIALIZED_AUTOS = YES_AGGRESSIVE;
				GCC_WARN_UNUSED_FUNCTION = YES;
				GCC_WARN_UNUSED_VARIABLE = YES;
				IPHONEOS_DEPLOYMENT_TARGET = 10.2;
				MTL_ENABLE_DEBUG_INFO = YES;
				ONLY_ACTIVE_ARCH = YES;
				SDKROOT = iphoneos;
				SWIFT_ACTIVE_COMPILATION_CONDITIONS = DEBUG;
				SWIFT_OPTIMIZATION_LEVEL = "-Onone";
			};
			name = Debug;
		};
		7B7196D81EE33400004F9259 /* Release */ = {
			isa = XCBuildConfiguration;
			buildSettings = {
				ALWAYS_SEARCH_USER_PATHS = NO;
				CLANG_ANALYZER_NONNULL = YES;
				CLANG_CXX_LANGUAGE_STANDARD = "gnu++0x";
				CLANG_CXX_LIBRARY = "libc++";
				CLANG_ENABLE_MODULES = YES;
				CLANG_ENABLE_OBJC_ARC = YES;
				CLANG_WARN_BOOL_CONVERSION = YES;
				CLANG_WARN_CONSTANT_CONVERSION = YES;
				CLANG_WARN_DIRECT_OBJC_ISA_USAGE = YES_ERROR;
				CLANG_WARN_DOCUMENTATION_COMMENTS = YES;
				CLANG_WARN_EMPTY_BODY = YES;
				CLANG_WARN_ENUM_CONVERSION = YES;
				CLANG_WARN_INFINITE_RECURSION = YES;
				CLANG_WARN_INT_CONVERSION = YES;
				CLANG_WARN_OBJC_ROOT_CLASS = YES_ERROR;
				CLANG_WARN_SUSPICIOUS_MOVE = YES;
				CLANG_WARN_UNREACHABLE_CODE = YES;
				CLANG_WARN__DUPLICATE_METHOD_MATCH = YES;
				"CODE_SIGN_IDENTITY[sdk=iphoneos*]" = "iPhone Developer";
				COPY_PHASE_STRIP = NO;
				DEBUG_INFORMATION_FORMAT = "dwarf-with-dsym";
				ENABLE_NS_ASSERTIONS = NO;
				ENABLE_STRICT_OBJC_MSGSEND = YES;
				GCC_C_LANGUAGE_STANDARD = gnu99;
				GCC_NO_COMMON_BLOCKS = YES;
				GCC_WARN_64_TO_32_BIT_CONVERSION = YES;
				GCC_WARN_ABOUT_RETURN_TYPE = YES_ERROR;
				GCC_WARN_UNDECLARED_SELECTOR = YES;
				GCC_WARN_UNINITIALIZED_AUTOS = YES_AGGRESSIVE;
				GCC_WARN_UNUSED_FUNCTION = YES;
				GCC_WARN_UNUSED_VARIABLE = YES;
				IPHONEOS_DEPLOYMENT_TARGET = 10.2;
				MTL_ENABLE_DEBUG_INFO = NO;
				SDKROOT = iphoneos;
				SWIFT_OPTIMIZATION_LEVEL = "-Owholemodule";
				VALIDATE_PRODUCT = YES;
			};
			name = Release;
		};
		7B7196DA1EE33400004F9259 /* Debug */ = {
			isa = XCBuildConfiguration;
			buildSettings = {
				ASSETCATALOG_COMPILER_APPICON_NAME = AppIcon;
				INFOPLIST_FILE = TaskList/Info.plist;
				LD_RUNPATH_SEARCH_PATHS = "$(inherited) @executable_path/Frameworks";
				PRODUCT_BUNDLE_IDENTIFIER = app.KodeSnippets.TaskList;
				PRODUCT_NAME = "$(TARGET_NAME)";
				SWIFT_VERSION = 3.0;
			};
			name = Debug;
		};
		7B7196DB1EE33400004F9259 /* Release */ = {
			isa = XCBuildConfiguration;
			buildSettings = {
				ASSETCATALOG_COMPILER_APPICON_NAME = AppIcon;
				INFOPLIST_FILE = TaskList/Info.plist;
				LD_RUNPATH_SEARCH_PATHS = "$(inherited) @executable_path/Frameworks";
				PRODUCT_BUNDLE_IDENTIFIER = app.KodeSnippets.TaskList;
				PRODUCT_NAME = "$(TARGET_NAME)";
				SWIFT_VERSION = 3.0;
			};
			name = Release;
		};
/* End XCBuildConfiguration section */

/* Begin XCConfigurationList section */
		7B7196BF1EE333FE004F9259 /* Build configuration list for PBXProject "TaskList" */ = {
			isa = XCConfigurationList;
			buildConfigurations = (
				7B7196D71EE33400004F9259 /* Debug */,
				7B7196D81EE33400004F9259 /* Release */,
			);
			defaultConfigurationIsVisible = 0;
			defaultConfigurationName = Release;
		};
		7B7196D91EE33400004F9259 /* Build configuration list for PBXNativeTarget "TaskList" */ = {
			isa = XCConfigurationList;
			buildConfigurations = (
				7B7196DA1EE33400004F9259 /* Debug */,
				7B7196DB1EE33400004F9259 /* Release */,
			);
			defaultConfigurationIsVisible = 0;
		};
/* End XCConfigurationList section */

/* Begin XCVersionGroup section */
		7B7196E51EE34D73004F9259 /* TaskList.xcdatamodeld */ = {
			isa = XCVersionGroup;
			children = (
				7B7196E61EE34D73004F9259 /* TaskList.xcdatamodel */,
			);
			currentVersion = 7B7196E61EE34D73004F9259 /* TaskList.xcdatamodel */;
			path = TaskList.xcdatamodeld;
			sourceTree = "<group>";
			versionGroupType = wrapper.xcdatamodel;
		};
/* End XCVersionGroup section */
	};
	rootObject = 7B7196BC1EE333FE004F9259 /* Project object */;
}
